
Microsoft Visual Studio Solution File, Format Version 12.00
# Visual Studio Version 17
VisualStudioVersion = 17.1.32328.378
MinimumVisualStudioVersion = 10.0.40219.1
Project("{FAE04EC0-301F-11D3-BF4B-00C04F79EFBC}") = "kursachwpf", "kursachwpf\kursachwpf.csproj", "{CD2D3021-65D8-49CE-8C5E-A5EF865D1C75}"
EndProject
Global
	GlobalSection(SolutionConfigurationPlatforms) = preSolution
		Debug|Any CPU = Debug|Any CPU
		Release|Any CPU = Release|Any CPU
	EndGlobalSection
	GlobalSection(ProjectConfigurationPlatforms) = postSolution
		{CD2D3021-65D8-49CE-8C5E-A5EF865D1C75}.Debug|Any CPU.ActiveCfg = Debug|Any CPU
		{CD2D3021-65D8-49CE-8C5E-A5EF865D1C75}.Debug|Any CPU.Build.0 = Debug|Any CPU
		{CD2D3021-65D8-49CE-8C5E-A5EF865D1C75}.Release|Any CPU.ActiveCfg = Release|Any CPU
		{CD2D3021-65D8-49CE-8C5E-A5EF865D1C75}.Release|Any CPU.Build.0 = Release|Any CPU
	EndGlobalSection
	GlobalSection(SolutionProperties) = preSolution
		HideSolutionNode = FALSE
	EndGlobalSection
	GlobalSection(ExtensibilityGlobals) = postSolution
		SolutionGuid = {279F3256-0DDA-4005-8B6B-4C18BC68DC4E}
	EndGlobalSection
EndGlobal
